
Microsoft Visual Studio Solution File, Format Version 12.00
# Visual Studio 15
VisualStudioVersion = 15.0.28307.489
MinimumVisualStudioVersion = 10.0.40219.1
Project("{FAE04EC0-301F-11D3-BF4B-00C04F79EFBC}") = "TestingStuff", "TestingStuff\TestingStuff.csproj", "{D4D0AF71-F0BA-43C9-824C-25F4982DFAD0}"
EndProject
Project("{FAE04EC0-301F-11D3-BF4B-00C04F79EFBC}") = "Tester", "Tester\Tester.csproj", "{7572F1EF-205C-4A35-8D86-7EC4E29C939D}"
EndProject
Global
	GlobalSection(SolutionConfigurationPlatforms) = preSolution
		Debug|Any CPU = Debug|Any CPU
		Release|Any CPU = Release|Any CPU
	EndGlobalSection
	GlobalSection(ProjectConfigurationPlatforms) = postSolution
		{D4D0AF71-F0BA-43C9-824C-25F4982DFAD0}.Debug|Any CPU.ActiveCfg = Debug|Any CPU
		{D4D0AF71-F0BA-43C9-824C-25F4982DFAD0}.Debug|Any CPU.Build.0 = Debug|Any CPU
		{D4D0AF71-F0BA-43C9-824C-25F4982DFAD0}.Release|Any CPU.ActiveCfg = Release|Any CPU
		{D4D0AF71-F0BA-43C9-824C-25F4982DFAD0}.Release|Any CPU.Build.0 = Release|Any CPU
		{7572F1EF-205C-4A35-8D86-7EC4E29C939D}.Debug|Any CPU.ActiveCfg = Debug|Any CPU
		{7572F1EF-205C-4A35-8D86-7EC4E29C939D}.Debug|Any CPU.Build.0 = Debug|Any CPU
		{7572F1EF-205C-4A35-8D86-7EC4E29C939D}.Release|Any CPU.ActiveCfg = Release|Any CPU
		{7572F1EF-205C-4A35-8D86-7EC4E29C939D}.Release|Any CPU.Build.0 = Release|Any CPU
	EndGlobalSection
	GlobalSection(SolutionProperties) = preSolution
		HideSolutionNode = FALSE
	EndGlobalSection
	GlobalSection(ExtensibilityGlobals) = postSolution
		SolutionGuid = {14AD9842-428A-48A1-B7DD-670348BC2A73}
	EndGlobalSection
EndGlobal
