
Microsoft Visual Studio Solution File, Format Version 12.00
# Visual Studio 15
VisualStudioVersion = 15.0.28307.489
MinimumVisualStudioVersion = 10.0.40219.1
Project("{FAE04EC0-301F-11D3-BF4B-00C04F79EFBC}") = "EventsObserver", "EventsObserver\EventsObserver.csproj", "{9BEB493C-8FAA-4584-B3B0-B3E7A1D988FC}"
EndProject
Global
	GlobalSection(SolutionConfigurationPlatforms) = preSolution
		Debug|Any CPU = Debug|Any CPU
		Release|Any CPU = Release|Any CPU
	EndGlobalSection
	GlobalSection(ProjectConfigurationPlatforms) = postSolution
		{9BEB493C-8FAA-4584-B3B0-B3E7A1D988FC}.Debug|Any CPU.ActiveCfg = Debug|Any CPU
		{9BEB493C-8FAA-4584-B3B0-B3E7A1D988FC}.Debug|Any CPU.Build.0 = Debug|Any CPU
		{9BEB493C-8FAA-4584-B3B0-B3E7A1D988FC}.Release|Any CPU.ActiveCfg = Release|Any CPU
		{9BEB493C-8FAA-4584-B3B0-B3E7A1D988FC}.Release|Any CPU.Build.0 = Release|Any CPU
	EndGlobalSection
	GlobalSection(SolutionProperties) = preSolution
		HideSolutionNode = FALSE
	EndGlobalSection
	GlobalSection(ExtensibilityGlobals) = postSolution
		SolutionGuid = {D91AC2C1-DB12-407B-8F70-523D4DC3165E}
	EndGlobalSection
EndGlobal
